
Microsoft Visual Studio Solution File, Format Version 12.00
# Visual Studio Version 16
VisualStudioVersion = 16.0.30114.105
MinimumVisualStudioVersion = 10.0.40219.1
Project("{FAE04EC0-301F-11D3-BF4B-00C04F79EFBC}") = "Rejuvena.Collate", "Rejuvena.Collate\Rejuvena.Collate.csproj", "{DF14F428-8FB6-4DF9-A9FF-C3B6EB42AC06}"
EndProject
Project("{FAE04EC0-301F-11D3-BF4B-00C04F79EFBC}") = "TML.Files", "TML.Patcher\src\TML.Files\TML.Files.csproj", "{4612A8BA-137F-49AB-BED1-061864039E6A}"
EndProject
Project("{FAE04EC0-301F-11D3-BF4B-00C04F79EFBC}") = "TML.Files.Abstractions", "TML.Patcher\src\TML.Files.Abstractions\TML.Files.Abstractions.csproj", "{79D353C6-76F5-47A9-8F8C-5395014446AF}"
EndProject
Project("{FAE04EC0-301F-11D3-BF4B-00C04F79EFBC}") = "Rejuvena.Collate.ExampleMod", "Rejuvena.Collate.ExampleMod\Rejuvena.Collate.ExampleMod.csproj", "{CEE767D7-B344-4543-9CF2-6D7F7D0AB8E5}"
EndProject
Project("{FAE04EC0-301F-11D3-BF4B-00C04F79EFBC}") = "Rejuevna.Collate.AccessTransformer", "Rejuevna.Collate.AccessTransformer\Rejuevna.Collate.AccessTransformer.csproj", "{64FD260C-CED5-46B1-8A01-E0457053DBA9}"
EndProject
Global
	GlobalSection(SolutionConfigurationPlatforms) = preSolution
		Debug|Any CPU = Debug|Any CPU
		Release|Any CPU = Release|Any CPU
	EndGlobalSection
	GlobalSection(SolutionProperties) = preSolution
		HideSolutionNode = FALSE
	EndGlobalSection
	GlobalSection(ProjectConfigurationPlatforms) = postSolution
		{DF14F428-8FB6-4DF9-A9FF-C3B6EB42AC06}.Release|Any CPU.ActiveCfg = Release|Any CPU
		{DF14F428-8FB6-4DF9-A9FF-C3B6EB42AC06}.Release|Any CPU.Build.0 = Release|Any CPU
		{DF14F428-8FB6-4DF9-A9FF-C3B6EB42AC06}.Debug|Any CPU.ActiveCfg = Debug|Any CPU
		{DF14F428-8FB6-4DF9-A9FF-C3B6EB42AC06}.Debug|Any CPU.Build.0 = Debug|Any CPU
		{4612A8BA-137F-49AB-BED1-061864039E6A}.Debug|Any CPU.ActiveCfg = Debug|Any CPU
		{4612A8BA-137F-49AB-BED1-061864039E6A}.Debug|Any CPU.Build.0 = Debug|Any CPU
		{4612A8BA-137F-49AB-BED1-061864039E6A}.Release|Any CPU.ActiveCfg = Release|Any CPU
		{4612A8BA-137F-49AB-BED1-061864039E6A}.Release|Any CPU.Build.0 = Release|Any CPU
		{79D353C6-76F5-47A9-8F8C-5395014446AF}.Debug|Any CPU.ActiveCfg = Debug|Any CPU
		{79D353C6-76F5-47A9-8F8C-5395014446AF}.Debug|Any CPU.Build.0 = Debug|Any CPU
		{79D353C6-76F5-47A9-8F8C-5395014446AF}.Release|Any CPU.ActiveCfg = Release|Any CPU
		{79D353C6-76F5-47A9-8F8C-5395014446AF}.Release|Any CPU.Build.0 = Release|Any CPU
		{CEE767D7-B344-4543-9CF2-6D7F7D0AB8E5}.Debug|Any CPU.ActiveCfg = Debug|Any CPU
		{CEE767D7-B344-4543-9CF2-6D7F7D0AB8E5}.Debug|Any CPU.Build.0 = Debug|Any CPU
		{CEE767D7-B344-4543-9CF2-6D7F7D0AB8E5}.Release|Any CPU.ActiveCfg = Release|Any CPU
		{CEE767D7-B344-4543-9CF2-6D7F7D0AB8E5}.Release|Any CPU.Build.0 = Release|Any CPU
		{64FD260C-CED5-46B1-8A01-E0457053DBA9}.Debug|Any CPU.ActiveCfg = Debug|Any CPU
		{64FD260C-CED5-46B1-8A01-E0457053DBA9}.Debug|Any CPU.Build.0 = Debug|Any CPU
		{64FD260C-CED5-46B1-8A01-E0457053DBA9}.Release|Any CPU.ActiveCfg = Release|Any CPU
		{64FD260C-CED5-46B1-8A01-E0457053DBA9}.Release|Any CPU.Build.0 = Release|Any CPU
	EndGlobalSection
EndGlobal
