
Microsoft Visual Studio Solution File, Format Version 12.00
# Visual Studio Version 16
VisualStudioVersion = 16.0.30114.105
MinimumVisualStudioVersion = 10.0.40219.1
Project("{FAE04EC0-301F-11D3-BF4B-00C04F79EFBC}") = "Rejuvena.Collate", "Rejuvena.Collate\Rejuvena.Collate.csproj", "{DF14F428-8FB6-4DF9-A9FF-C3B6EB42AC06}"
EndProject
Project("{FAE04EC0-301F-11D3-BF4B-00C04F79EFBC}") = "TML.Files", "TML.Patcher\src\TML.Files\TML.Files.csproj", "{4612A8BA-137F-49AB-BED1-061864039E6A}"
EndProject
Project("{FAE04EC0-301F-11D3-BF4B-00C04F79EFBC}") = "TML.Files.Abstractions", "TML.Patcher\src\TML.Files.Abstractions\TML.Files.Abstractions.csproj", "{79D353C6-76F5-47A9-8F8C-5395014446AF}"
EndProject
Project("{FAE04EC0-301F-11D3-BF4B-00C04F79EFBC}") = "Rejuvena.Collate.ExampleMod", "Rejuvena.Collate.ExampleMod\Rejuvena.Collate.ExampleMod.csproj", "{CEE767D7-B344-4543-9CF2-6D7F7D0AB8E5}"
EndProject
Project("{FAE04EC0-301F-11D3-BF4B-00C04F79EFBC}") = "Rejuevna.Collate.AccessTransformer", "Rejuevna.Collate.AccessTransformer\Rejuevna.Collate.AccessTransformer.csproj", "{64FD260C-CED5-46B1-8A01-E0457053DBA9}"
EndProject
Project("{FAE04EC0-301F-11D3-BF4B-00C04F79EFBC}") = "Rejuvena.Collate.Analyzers.NamespaceGenerator", "Rejuvena.Collate.Analyzers.NamespaceGenerator\Rejuvena.Collate.Analyzers.NamespaceGenerator.csproj", "{9A1037C4-2483-4924-8FA8-55912E375492}"
EndProject
Project("{2150E333-8FDC-42A3-9474-1A3956D46DE8}") = "Shared", "Shared", "{70CE789C-0FC7-4E68-90B7-0DD330250004}"
EndProject
Project("{2150E333-8FDC-42A3-9474-1A3956D46DE8}") = "Collate", "Collate", "{71BF0144-D023-4FC5-B0DF-9E1051BD0CE8}"
EndProject
Project("{2150E333-8FDC-42A3-9474-1A3956D46DE8}") = "Patcher", "Patcher", "{278A4CAC-C67C-458F-B536-596E2C23F124}"
EndProject
Project("{2150E333-8FDC-42A3-9474-1A3956D46DE8}") = "AccessTransformer", "AccessTransformer", "{971FBDF9-A3F5-4552-A920-4DC528A028D2}"
EndProject
Project("{2150E333-8FDC-42A3-9474-1A3956D46DE8}") = "ExampleMod", "ExampleMod", "{BC67FCCA-E540-4709-9510-730D590A6AA1}"
EndProject
Project("{2150E333-8FDC-42A3-9474-1A3956D46DE8}") = "Analyzers", "Analyzers", "{7C04CF11-501F-41B9-9C05-2F07D8968C87}"
EndProject
Project("{FAE04EC0-301F-11D3-BF4B-00C04F79EFBC}") = "Rejuvena.Collate.ModCompile", "Rejuvena.Collate.ModCompile\Rejuvena.Collate.ModCompile.csproj", "{4DC70415-3506-4AEB-A3A1-7D6660D222FC}"
EndProject
Global
	GlobalSection(SolutionConfigurationPlatforms) = preSolution
		Debug|Any CPU = Debug|Any CPU
		Release|Any CPU = Release|Any CPU
	EndGlobalSection
	GlobalSection(SolutionProperties) = preSolution
		HideSolutionNode = FALSE
	EndGlobalSection
	GlobalSection(ProjectConfigurationPlatforms) = postSolution
		{DF14F428-8FB6-4DF9-A9FF-C3B6EB42AC06}.Release|Any CPU.ActiveCfg = Release|Any CPU
		{DF14F428-8FB6-4DF9-A9FF-C3B6EB42AC06}.Release|Any CPU.Build.0 = Release|Any CPU
		{DF14F428-8FB6-4DF9-A9FF-C3B6EB42AC06}.Debug|Any CPU.ActiveCfg = Debug|Any CPU
		{DF14F428-8FB6-4DF9-A9FF-C3B6EB42AC06}.Debug|Any CPU.Build.0 = Debug|Any CPU
		{4612A8BA-137F-49AB-BED1-061864039E6A}.Debug|Any CPU.ActiveCfg = Debug|Any CPU
		{4612A8BA-137F-49AB-BED1-061864039E6A}.Debug|Any CPU.Build.0 = Debug|Any CPU
		{4612A8BA-137F-49AB-BED1-061864039E6A}.Release|Any CPU.ActiveCfg = Release|Any CPU
		{4612A8BA-137F-49AB-BED1-061864039E6A}.Release|Any CPU.Build.0 = Release|Any CPU
		{79D353C6-76F5-47A9-8F8C-5395014446AF}.Debug|Any CPU.ActiveCfg = Debug|Any CPU
		{79D353C6-76F5-47A9-8F8C-5395014446AF}.Debug|Any CPU.Build.0 = Debug|Any CPU
		{79D353C6-76F5-47A9-8F8C-5395014446AF}.Release|Any CPU.ActiveCfg = Release|Any CPU
		{79D353C6-76F5-47A9-8F8C-5395014446AF}.Release|Any CPU.Build.0 = Release|Any CPU
		{CEE767D7-B344-4543-9CF2-6D7F7D0AB8E5}.Debug|Any CPU.ActiveCfg = Debug|Any CPU
		{CEE767D7-B344-4543-9CF2-6D7F7D0AB8E5}.Debug|Any CPU.Build.0 = Debug|Any CPU
		{CEE767D7-B344-4543-9CF2-6D7F7D0AB8E5}.Release|Any CPU.ActiveCfg = Release|Any CPU
		{CEE767D7-B344-4543-9CF2-6D7F7D0AB8E5}.Release|Any CPU.Build.0 = Release|Any CPU
		{64FD260C-CED5-46B1-8A01-E0457053DBA9}.Debug|Any CPU.ActiveCfg = Debug|Any CPU
		{64FD260C-CED5-46B1-8A01-E0457053DBA9}.Debug|Any CPU.Build.0 = Debug|Any CPU
		{64FD260C-CED5-46B1-8A01-E0457053DBA9}.Release|Any CPU.ActiveCfg = Release|Any CPU
		{64FD260C-CED5-46B1-8A01-E0457053DBA9}.Release|Any CPU.Build.0 = Release|Any CPU
		{9A1037C4-2483-4924-8FA8-55912E375492}.Debug|Any CPU.ActiveCfg = Debug|Any CPU
		{9A1037C4-2483-4924-8FA8-55912E375492}.Debug|Any CPU.Build.0 = Debug|Any CPU
		{9A1037C4-2483-4924-8FA8-55912E375492}.Release|Any CPU.ActiveCfg = Release|Any CPU
		{9A1037C4-2483-4924-8FA8-55912E375492}.Release|Any CPU.Build.0 = Release|Any CPU
		{4DC70415-3506-4AEB-A3A1-7D6660D222FC}.Debug|Any CPU.ActiveCfg = Debug|Any CPU
		{4DC70415-3506-4AEB-A3A1-7D6660D222FC}.Debug|Any CPU.Build.0 = Debug|Any CPU
		{4DC70415-3506-4AEB-A3A1-7D6660D222FC}.Release|Any CPU.ActiveCfg = Release|Any CPU
		{4DC70415-3506-4AEB-A3A1-7D6660D222FC}.Release|Any CPU.Build.0 = Release|Any CPU
	EndGlobalSection
	GlobalSection(NestedProjects) = preSolution
		{4612A8BA-137F-49AB-BED1-061864039E6A} = {278A4CAC-C67C-458F-B536-596E2C23F124}
		{79D353C6-76F5-47A9-8F8C-5395014446AF} = {278A4CAC-C67C-458F-B536-596E2C23F124}
		{971FBDF9-A3F5-4552-A920-4DC528A028D2} = {71BF0144-D023-4FC5-B0DF-9E1051BD0CE8}
		{64FD260C-CED5-46B1-8A01-E0457053DBA9} = {971FBDF9-A3F5-4552-A920-4DC528A028D2}
		{CEE767D7-B344-4543-9CF2-6D7F7D0AB8E5} = {BC67FCCA-E540-4709-9510-730D590A6AA1}
		{DF14F428-8FB6-4DF9-A9FF-C3B6EB42AC06} = {71BF0144-D023-4FC5-B0DF-9E1051BD0CE8}
		{7C04CF11-501F-41B9-9C05-2F07D8968C87} = {71BF0144-D023-4FC5-B0DF-9E1051BD0CE8}
		{9A1037C4-2483-4924-8FA8-55912E375492} = {7C04CF11-501F-41B9-9C05-2F07D8968C87}
		{4DC70415-3506-4AEB-A3A1-7D6660D222FC} = {71BF0144-D023-4FC5-B0DF-9E1051BD0CE8}
	EndGlobalSection
EndGlobal
